
Microsoft Visual Studio Solution File, Format Version 12.00
# Visual Studio Version 16
VisualStudioVersion = 16.0.30204.135
MinimumVisualStudioVersion = 10.0.40219.1
Project("{9A19103F-16F7-4668-BE54-9A1E7A4F7556}") = "FristProject", "FristProject\FristProject.csproj", "{2C02AF34-5492-4F77-AC21-FC3E2BD0F8F5}"
EndProject
Project("{9A19103F-16F7-4668-BE54-9A1E7A4F7556}") = "Assignment2", "..\Assignment2\Assignment2.csproj", "{9AF9D745-C476-4ED2-B5F1-68F718CFB50D}"
EndProject
Project("{FAE04EC0-301F-11D3-BF4B-00C04F79EFBC}") = "CSharp", "..\CSharp\CSharp.csproj", "{DF510BA8-6D10-49E6-8A4C-EC2DC99BB2E3}"
EndProject
Global
	GlobalSection(SolutionConfigurationPlatforms) = preSolution
		Debug|Any CPU = Debug|Any CPU
		Release|Any CPU = Release|Any CPU
	EndGlobalSection
	GlobalSection(ProjectConfigurationPlatforms) = postSolution
		{2C02AF34-5492-4F77-AC21-FC3E2BD0F8F5}.Debug|Any CPU.ActiveCfg = Debug|Any CPU
		{2C02AF34-5492-4F77-AC21-FC3E2BD0F8F5}.Debug|Any CPU.Build.0 = Debug|Any CPU
		{2C02AF34-5492-4F77-AC21-FC3E2BD0F8F5}.Release|Any CPU.ActiveCfg = Release|Any CPU
		{2C02AF34-5492-4F77-AC21-FC3E2BD0F8F5}.Release|Any CPU.Build.0 = Release|Any CPU
		{9AF9D745-C476-4ED2-B5F1-68F718CFB50D}.Debug|Any CPU.ActiveCfg = Debug|Any CPU
		{9AF9D745-C476-4ED2-B5F1-68F718CFB50D}.Debug|Any CPU.Build.0 = Debug|Any CPU
		{9AF9D745-C476-4ED2-B5F1-68F718CFB50D}.Release|Any CPU.ActiveCfg = Release|Any CPU
		{9AF9D745-C476-4ED2-B5F1-68F718CFB50D}.Release|Any CPU.Build.0 = Release|Any CPU
		{DF510BA8-6D10-49E6-8A4C-EC2DC99BB2E3}.Debug|Any CPU.ActiveCfg = Debug|Any CPU
		{DF510BA8-6D10-49E6-8A4C-EC2DC99BB2E3}.Debug|Any CPU.Build.0 = Debug|Any CPU
		{DF510BA8-6D10-49E6-8A4C-EC2DC99BB2E3}.Release|Any CPU.ActiveCfg = Release|Any CPU
		{DF510BA8-6D10-49E6-8A4C-EC2DC99BB2E3}.Release|Any CPU.Build.0 = Release|Any CPU
	EndGlobalSection
	GlobalSection(SolutionProperties) = preSolution
		HideSolutionNode = FALSE
	EndGlobalSection
	GlobalSection(ExtensibilityGlobals) = postSolution
		SolutionGuid = {4D16D8FA-0979-4DC8-819B-AEF8C0EDD9D8}
	EndGlobalSection
EndGlobal
